{
  "lockfileVersion": 1,
  "configVersion": 0,
  "workspaces": {
    "": {
      "name": "github-release-assets",
      "dependencies": {
        "hono": "4.7.11",
      },
      "devDependencies": {
        "@types/node": "24.0.3",
        "@typescript/native-preview": "7.0.0-dev.20251204.1",
      },
    },
  },
  "packages": {
    "@types/node": ["@types/node@24.0.3", "", { "dependencies": { "undici-types": "~7.8.0" } }, "sha512-R4I/kzCYAdRLzfiCabn9hxWfbuHS573x+r0dJMkkzThEa7pbrcDWK+9zu3e7aBOouf+rQAciqPFMnxwr0aWgKg=="],

    "@typescript/native-preview": ["@typescript/native-preview@7.0.0-dev.20251204.1", "", { "optionalDependencies": { "@typescript/native-preview-darwin-arm64": "7.0.0-dev.20251204.1", "@typescript/native-preview-darwin-x64": "7.0.0-dev.20251204.1", "@typescript/native-preview-linux-arm": "7.0.0-dev.20251204.1", "@typescript/native-preview-linux-arm64": "7.0.0-dev.20251204.1", "@typescript/native-preview-linux-x64": "7.0.0-dev.20251204.1", "@typescript/native-preview-win32-arm64": "7.0.0-dev.20251204.1", "@typescript/native-preview-win32-x64": "7.0.0-dev.20251204.1" }, "bin": { "tsgo": "bin/tsgo.js" } }, "sha512-nyMp0ybgJVZFtDOWmcKDqaRqtj8dOg65+fDxbjIrnZuMWIqlOUGH+imFwofqlW+KndAA7KtAio2YSZMMZB25WA=="],

    "@typescript/native-preview-darwin-arm64": ["@typescript/native-preview-darwin-arm64@7.0.0-dev.20251204.1", "", { "os": "darwin", "cpu": "arm64" }, "sha512-CgIzuO/LFRufdVjJmll6x7jnejYqqLo4kJwrsUxQipJ/dcGeP0q2XMcxNBzT7F9L4Sd5dphRPOZFXES4kS0lig=="],

    "@typescript/native-preview-darwin-x64": ["@typescript/native-preview-darwin-x64@7.0.0-dev.20251204.1", "", { "os": "darwin", "cpu": "x64" }, "sha512-X76oQeDMQHJiukkPPbk7STrfu97pfPe5ixwiN6nXzSGXLE+tzrXRecNkYhz4XWeAW2ASNmGwDJJ2RAU5l8MbgQ=="],

    "@typescript/native-preview-linux-arm": ["@typescript/native-preview-linux-arm@7.0.0-dev.20251204.1", "", { "os": "linux", "cpu": "arm" }, "sha512-3zl/Jj5rzkK9Oo5KVSIW+6bzRligoI+ZnA1xLpg0BBH2sk27a8Vasj7ZaGPlFvlSegvcaJdIjSt7Z8nBtiF9Ww=="],

    "@typescript/native-preview-linux-arm64": ["@typescript/native-preview-linux-arm64@7.0.0-dev.20251204.1", "", { "os": "linux", "cpu": "arm64" }, "sha512-+1as+h6ZNpc9TqlHwvDkBP7jg0FoCMUf6Rrc9/Mkllau6etznfVsWMADWT4t76gkGZKUIXOZqsl2Ya3uaBrCBQ=="],

    "@typescript/native-preview-linux-x64": ["@typescript/native-preview-linux-x64@7.0.0-dev.20251204.1", "", { "os": "linux", "cpu": "x64" }, "sha512-YD//l6yv7iPNlKn9OZDzBxrI+QGLN6d4RV3dSucsyq/YNZUulcywGztbZiaQxdUzKPwj70G+LVb9WCgf5ITOIQ=="],

    "@typescript/native-preview-win32-arm64": ["@typescript/native-preview-win32-arm64@7.0.0-dev.20251204.1", "", { "os": "win32", "cpu": "arm64" }, "sha512-eDXYR5qfPFA8EfQ0d9SbWGLn02VbAaeTM9jQ5VeLlPLcBP81nGRaGQ9Quta5zeEHev1S9iCdyRj5BqCRtl0ohw=="],

    "@typescript/native-preview-win32-x64": ["@typescript/native-preview-win32-x64@7.0.0-dev.20251204.1", "", { "os": "win32", "cpu": "x64" }, "sha512-CRWI2OPdqXbzOU52R2abWMb3Ie2Wp6VPrCFzR3pzP53JabTAe8+XoBWlont9bw/NsqbPKp2aQbdfbLQX5RI44g=="],

    "hono": ["hono@4.7.11", "", {}, "sha512-rv0JMwC0KALbbmwJDEnxvQCeJh+xbS3KEWW5PC9cMJ08Ur9xgatI0HmtgYZfOdOSOeYsp5LO2cOhdI8cLEbDEQ=="],

    "undici-types": ["undici-types@7.8.0", "", {}, "sha512-9UJ2xGDvQ43tYyVMpuHlsgApydB8ZKfVYTsLDhXkFL/6gfkp+U8xTGdh8pMJv1SpZna0zxG1DwsKZsreLbXBxw=="],
  }
}
